
Microsoft Visual Studio Solution File, Format Version 12.00
# Visual Studio Version 17
VisualStudioVersion = 17.13.35825.156 d17.13
MinimumVisualStudioVersion = 10.0.40219.1
Project("{FAE04EC0-301F-11D3-BF4B-00C04F79EFBC}") = "ResumeFinder", "ResumeFinder.csproj", "{228BA122-41EF-491C-A7FE-CA0B0DAA5FDF}"
EndProject
Global
	GlobalSection(SolutionConfigurationPlatforms) = preSolution
		Debug|Any CPU = Debug|Any CPU
		Release|Any CPU = Release|Any CPU
	EndGlobalSection
	GlobalSection(ProjectConfigurationPlatforms) = postSolution
		{228BA122-41EF-491C-A7FE-CA0B0DAA5FDF}.Debug|Any CPU.ActiveCfg = Debug|Any CPU
		{228BA122-41EF-491C-A7FE-CA0B0DAA5FDF}.Debug|Any CPU.Build.0 = Debug|Any CPU
		{228BA122-41EF-491C-A7FE-CA0B0DAA5FDF}.Release|Any CPU.ActiveCfg = Release|Any CPU
		{228BA122-41EF-491C-A7FE-CA0B0DAA5FDF}.Release|Any CPU.Build.0 = Release|Any CPU
	EndGlobalSection
	GlobalSection(SolutionProperties) = preSolution
		HideSolutionNode = FALSE
	EndGlobalSection
	GlobalSection(ExtensibilityGlobals) = postSolution
		SolutionGuid = {D3E7689D-D22D-4937-9195-DBF43AEC37BE}
	EndGlobalSection
EndGlobal
